
Microsoft Visual Studio Solution File, Format Version 12.00
# Visual Studio Version 17
VisualStudioVersion = 17.7.34024.191
MinimumVisualStudioVersion = 10.0.40219.1
Project("{8BC9CEB8-8B4A-11D0-8D11-00A0C91BC942}") = "xbgt2094_asgn", "src\xbgt2094_asgn.vcxproj", "{427B2607-D7B3-4A47-AF70-F6F3B0A6A9DD}"
EndProject
Global
	GlobalSection(SolutionConfigurationPlatforms) = preSolution
		Debug|x64 = Debug|x64
		Debug|x86 = Debug|x86
		Release|x64 = Release|x64
		Release|x86 = Release|x86
	EndGlobalSection
	GlobalSection(ProjectConfigurationPlatforms) = postSolution
		{427B2607-D7B3-4A47-AF70-F6F3B0A6A9DD}.Debug|x64.ActiveCfg = Debug|x64
		{427B2607-D7B3-4A47-AF70-F6F3B0A6A9DD}.Debug|x64.Build.0 = Debug|x64
		{427B2607-D7B3-4A47-AF70-F6F3B0A6A9DD}.Debug|x86.ActiveCfg = Debug|x64
		{427B2607-D7B3-4A47-AF70-F6F3B0A6A9DD}.Debug|x86.Build.0 = Debug|x64
		{427B2607-D7B3-4A47-AF70-F6F3B0A6A9DD}.Release|x64.ActiveCfg = Release|x64
		{427B2607-D7B3-4A47-AF70-F6F3B0A6A9DD}.Release|x64.Build.0 = Release|x64
		{427B2607-D7B3-4A47-AF70-F6F3B0A6A9DD}.Release|x86.ActiveCfg = Release|x64
	EndGlobalSection
	GlobalSection(SolutionProperties) = preSolution
		HideSolutionNode = FALSE
	EndGlobalSection
	GlobalSection(ExtensibilityGlobals) = postSolution
		SolutionGuid = {81DD7351-0563-4783-927C-DD2C4462101B}
	EndGlobalSection
EndGlobal
